
Microsoft Visual Studio Solution File, Format Version 12.00
# Visual Studio Version 17
VisualStudioVersion = 17.3.32901.215
MinimumVisualStudioVersion = 10.0.40219.1
Project("{FAE04EC0-301F-11D3-BF4B-00C04F79EFBC}") = "F3TailGoodsList", "F3TailGoodsList.csproj", "{5BE2E410-8EFA-4CB2-A2BA-8939E5925484}"
EndProject
Project("{2150E333-8FDC-42A3-9474-1A3956D46DE8}") = "Элементы решения", "Элементы решения", "{23F1BFFF-D9AD-4538-B7C8-4FC195A45566}"
	ProjectSection(SolutionItems) = preProject
		Readme.MD = Readme.MD
	EndProjectSection
EndProject
Global
	GlobalSection(SolutionConfigurationPlatforms) = preSolution
		Debug|Any CPU = Debug|Any CPU
		Release|Any CPU = Release|Any CPU
	EndGlobalSection
	GlobalSection(ProjectConfigurationPlatforms) = postSolution
		{5BE2E410-8EFA-4CB2-A2BA-8939E5925484}.Debug|Any CPU.ActiveCfg = Debug|Any CPU
		{5BE2E410-8EFA-4CB2-A2BA-8939E5925484}.Debug|Any CPU.Build.0 = Debug|Any CPU
		{5BE2E410-8EFA-4CB2-A2BA-8939E5925484}.Release|Any CPU.ActiveCfg = Release|Any CPU
		{5BE2E410-8EFA-4CB2-A2BA-8939E5925484}.Release|Any CPU.Build.0 = Release|Any CPU
	EndGlobalSection
	GlobalSection(SolutionProperties) = preSolution
		HideSolutionNode = FALSE
	EndGlobalSection
	GlobalSection(ExtensibilityGlobals) = postSolution
		SolutionGuid = {13A17629-FCC3-4451-8E49-FB6F011DC371}
	EndGlobalSection
EndGlobal
